
Microsoft Visual Studio Solution File, Format Version 12.00
# Visual Studio 15
VisualStudioVersion = 15.0.27130.2024
MinimumVisualStudioVersion = 10.0.40219.1
Project("{FAE04EC0-301F-11D3-BF4B-00C04F79EFBC}") = "Sync", "Sync\Sync.csproj", "{2097D696-56B5-47F9-AC35-4D2800BFC925}"
EndProject
Global
	GlobalSection(SolutionConfigurationPlatforms) = preSolution
		Debug|Any CPU = Debug|Any CPU
		Release|Any CPU = Release|Any CPU
	EndGlobalSection
	GlobalSection(ProjectConfigurationPlatforms) = postSolution
		{2097D696-56B5-47F9-AC35-4D2800BFC925}.Debug|Any CPU.ActiveCfg = Debug|Any CPU
		{2097D696-56B5-47F9-AC35-4D2800BFC925}.Debug|Any CPU.Build.0 = Debug|Any CPU
		{2097D696-56B5-47F9-AC35-4D2800BFC925}.Release|Any CPU.ActiveCfg = Release|Any CPU
		{2097D696-56B5-47F9-AC35-4D2800BFC925}.Release|Any CPU.Build.0 = Release|Any CPU
	EndGlobalSection
	GlobalSection(SolutionProperties) = preSolution
		HideSolutionNode = FALSE
	EndGlobalSection
	GlobalSection(ExtensibilityGlobals) = postSolution
		SolutionGuid = {0E2BF8B6-DB41-4882-B17A-A845DF2AC9E9}
	EndGlobalSection
EndGlobal
